
Microsoft Visual Studio Solution File, Format Version 11.00
# Visual Studio 2010
Project("{8BC9CEB8-8B4A-11D0-8D11-00A0C91BC942}") = "USB2XXXADCReadToFile", "USB2XXXADCReadToFile\USB2XXXADCReadToFile.vcxproj", "{7DAF9217-2609-4257-A2FA-8DF5D58A6954}"
EndProject
Global
	GlobalSection(SolutionConfigurationPlatforms) = preSolution
		Debug|Win32 = Debug|Win32
		Release|Win32 = Release|Win32
	EndGlobalSection
	GlobalSection(ProjectConfigurationPlatforms) = postSolution
		{7DAF9217-2609-4257-A2FA-8DF5D58A6954}.Debug|Win32.ActiveCfg = Debug|Win32
		{7DAF9217-2609-4257-A2FA-8DF5D58A6954}.Debug|Win32.Build.0 = Debug|Win32
		{7DAF9217-2609-4257-A2FA-8DF5D58A6954}.Release|Win32.ActiveCfg = Release|Win32
		{7DAF9217-2609-4257-A2FA-8DF5D58A6954}.Release|Win32.Build.0 = Release|Win32
	EndGlobalSection
	GlobalSection(SolutionProperties) = preSolution
		HideSolutionNode = FALSE
	EndGlobalSection
EndGlobal
