
Microsoft Visual Studio Solution File, Format Version 11.00
# Visual Studio 2010
Project("{8BC9CEB8-8B4A-11D0-8D11-00A0C91BC942}") = "USB2XXXSPIW25Q64", "USB2XXXSPIW25Q64\USB2XXXSPIW25Q64.vcxproj", "{54AF7C0A-40BB-4A20-BD01-67CD3A0F026B}"
EndProject
Global
	GlobalSection(SolutionConfigurationPlatforms) = preSolution
		Debug|Win32 = Debug|Win32
		Release|Win32 = Release|Win32
	EndGlobalSection
	GlobalSection(ProjectConfigurationPlatforms) = postSolution
		{54AF7C0A-40BB-4A20-BD01-67CD3A0F026B}.Debug|Win32.ActiveCfg = Debug|Win32
		{54AF7C0A-40BB-4A20-BD01-67CD3A0F026B}.Debug|Win32.Build.0 = Debug|Win32
		{54AF7C0A-40BB-4A20-BD01-67CD3A0F026B}.Release|Win32.ActiveCfg = Release|Win32
		{54AF7C0A-40BB-4A20-BD01-67CD3A0F026B}.Release|Win32.Build.0 = Release|Win32
	EndGlobalSection
	GlobalSection(SolutionProperties) = preSolution
		HideSolutionNode = FALSE
	EndGlobalSection
EndGlobal
