
Microsoft Visual Studio Solution File, Format Version 11.00
# Visual Studio 2010
Project("{8BC9CEB8-8B4A-11D0-8D11-00A0C91BC942}") = "M29DW323DBTest", "M29DW323DBTest\M29DW323DBTest.vcxproj", "{302D40E9-3F6C-4361-8C8B-9E3DC9AF9CB7}"
EndProject
Global
	GlobalSection(SolutionConfigurationPlatforms) = preSolution
		Debug|Win32 = Debug|Win32
		Release|Win32 = Release|Win32
	EndGlobalSection
	GlobalSection(ProjectConfigurationPlatforms) = postSolution
		{302D40E9-3F6C-4361-8C8B-9E3DC9AF9CB7}.Debug|Win32.ActiveCfg = Debug|Win32
		{302D40E9-3F6C-4361-8C8B-9E3DC9AF9CB7}.Debug|Win32.Build.0 = Debug|Win32
		{302D40E9-3F6C-4361-8C8B-9E3DC9AF9CB7}.Release|Win32.ActiveCfg = Release|Win32
		{302D40E9-3F6C-4361-8C8B-9E3DC9AF9CB7}.Release|Win32.Build.0 = Release|Win32
	EndGlobalSection
	GlobalSection(SolutionProperties) = preSolution
		HideSolutionNode = FALSE
	EndGlobalSection
EndGlobal
