
Microsoft Visual Studio Solution File, Format Version 11.00
# Visual Studio 2010
Project("{F184B08F-C81C-45F6-A57F-5ABD9991F28F}") = "USB2XXX_LIN_Test", "USB2XXX_LIN_Test\USB2XXX_LIN_Test.vbproj", "{05A7869C-9351-4C9B-A1E1-8AA1F134D1C6}"
EndProject
Global
	GlobalSection(SolutionConfigurationPlatforms) = preSolution
		Debug|x86 = Debug|x86
		Release|x86 = Release|x86
	EndGlobalSection
	GlobalSection(ProjectConfigurationPlatforms) = postSolution
		{05A7869C-9351-4C9B-A1E1-8AA1F134D1C6}.Debug|x86.ActiveCfg = Debug|x86
		{05A7869C-9351-4C9B-A1E1-8AA1F134D1C6}.Debug|x86.Build.0 = Debug|x86
		{05A7869C-9351-4C9B-A1E1-8AA1F134D1C6}.Release|x86.ActiveCfg = Release|x86
		{05A7869C-9351-4C9B-A1E1-8AA1F134D1C6}.Release|x86.Build.0 = Release|x86
	EndGlobalSection
	GlobalSection(SolutionProperties) = preSolution
		HideSolutionNode = FALSE
	EndGlobalSection
EndGlobal
