
Microsoft Visual Studio Solution File, Format Version 11.00
# Visual Studio 2010
Project("{8BC9CEB8-8B4A-11D0-8D11-00A0C91BC942}") = "USB2XXXGPIOSpeedTest", "USB2XXXGPIOSpeedTest\USB2XXXGPIOSpeedTest.vcxproj", "{27F50146-50C5-4718-91C2-C59ED8256284}"
EndProject
Global
	GlobalSection(SolutionConfigurationPlatforms) = preSolution
		Debug|Win32 = Debug|Win32
		Release|Win32 = Release|Win32
	EndGlobalSection
	GlobalSection(ProjectConfigurationPlatforms) = postSolution
		{27F50146-50C5-4718-91C2-C59ED8256284}.Debug|Win32.ActiveCfg = Debug|Win32
		{27F50146-50C5-4718-91C2-C59ED8256284}.Debug|Win32.Build.0 = Debug|Win32
		{27F50146-50C5-4718-91C2-C59ED8256284}.Release|Win32.ActiveCfg = Release|Win32
		{27F50146-50C5-4718-91C2-C59ED8256284}.Release|Win32.Build.0 = Release|Win32
	EndGlobalSection
	GlobalSection(SolutionProperties) = preSolution
		HideSolutionNode = FALSE
	EndGlobalSection
EndGlobal
