
Microsoft Visual Studio Solution File, Format Version 11.00
# Visual Studio 2010
Project("{8BC9CEB8-8B4A-11D0-8D11-00A0C91BC942}") = "USB2XXXIICAM2321B", "USB2XXXIICAM2321B\USB2XXXIICAM2321B.vcxproj", "{35416326-5CC1-4255-9CF4-0E231FFA5004}"
EndProject
Global
	GlobalSection(SolutionConfigurationPlatforms) = preSolution
		Debug|Win32 = Debug|Win32
		Release|Win32 = Release|Win32
	EndGlobalSection
	GlobalSection(ProjectConfigurationPlatforms) = postSolution
		{35416326-5CC1-4255-9CF4-0E231FFA5004}.Debug|Win32.ActiveCfg = Debug|Win32
		{35416326-5CC1-4255-9CF4-0E231FFA5004}.Debug|Win32.Build.0 = Debug|Win32
		{35416326-5CC1-4255-9CF4-0E231FFA5004}.Release|Win32.ActiveCfg = Release|Win32
		{35416326-5CC1-4255-9CF4-0E231FFA5004}.Release|Win32.Build.0 = Release|Win32
	EndGlobalSection
	GlobalSection(SolutionProperties) = preSolution
		HideSolutionNode = FALSE
	EndGlobalSection
EndGlobal
